
Microsoft Visual Studio Solution File, Format Version 12.00
# Visual Studio 15
VisualStudioVersion = 15.0.28010.2046
MinimumVisualStudioVersion = 10.0.40219.1
Project("{FAE04EC0-301F-11D3-BF4B-00C04F79EFBC}") = "Exercicio 5", "Exercicio 5\Exercicio 5.csproj", "{3381903C-E229-4911-BCC0-7E982C51FF9A}"
EndProject
Global
	GlobalSection(SolutionConfigurationPlatforms) = preSolution
		Debug|Any CPU = Debug|Any CPU
		Release|Any CPU = Release|Any CPU
	EndGlobalSection
	GlobalSection(ProjectConfigurationPlatforms) = postSolution
		{3381903C-E229-4911-BCC0-7E982C51FF9A}.Debug|Any CPU.ActiveCfg = Debug|Any CPU
		{3381903C-E229-4911-BCC0-7E982C51FF9A}.Debug|Any CPU.Build.0 = Debug|Any CPU
		{3381903C-E229-4911-BCC0-7E982C51FF9A}.Release|Any CPU.ActiveCfg = Release|Any CPU
		{3381903C-E229-4911-BCC0-7E982C51FF9A}.Release|Any CPU.Build.0 = Release|Any CPU
	EndGlobalSection
	GlobalSection(SolutionProperties) = preSolution
		HideSolutionNode = FALSE
	EndGlobalSection
	GlobalSection(ExtensibilityGlobals) = postSolution
		SolutionGuid = {2069E552-1E43-4B11-938A-1A57E9B39F5C}
	EndGlobalSection
EndGlobal
