
Microsoft Visual Studio Solution File, Format Version 12.00
# Visual Studio 15
VisualStudioVersion = 15.0.27130.2003
MinimumVisualStudioVersion = 10.0.40219.1
Project("{FAE04EC0-301F-11D3-BF4B-00C04F79EFBC}") = "Projeto1", "Projeto1\Projeto1.csproj", "{A98E4DF4-D068-47B5-8FDD-063FBE415A7A}"
EndProject
Global
	GlobalSection(SolutionConfigurationPlatforms) = preSolution
		Debug|Any CPU = Debug|Any CPU
		Release|Any CPU = Release|Any CPU
	EndGlobalSection
	GlobalSection(ProjectConfigurationPlatforms) = postSolution
		{A98E4DF4-D068-47B5-8FDD-063FBE415A7A}.Debug|Any CPU.ActiveCfg = Debug|Any CPU
		{A98E4DF4-D068-47B5-8FDD-063FBE415A7A}.Debug|Any CPU.Build.0 = Debug|Any CPU
		{A98E4DF4-D068-47B5-8FDD-063FBE415A7A}.Release|Any CPU.ActiveCfg = Release|Any CPU
		{A98E4DF4-D068-47B5-8FDD-063FBE415A7A}.Release|Any CPU.Build.0 = Release|Any CPU
	EndGlobalSection
	GlobalSection(SolutionProperties) = preSolution
		HideSolutionNode = FALSE
	EndGlobalSection
	GlobalSection(ExtensibilityGlobals) = postSolution
		SolutionGuid = {33E6A684-A047-40ED-8B72-18BEDC775D1F}
	EndGlobalSection
EndGlobal
