
Microsoft Visual Studio Solution File, Format Version 12.00
# Visual Studio 15
VisualStudioVersion = 15.0.28010.2046
MinimumVisualStudioVersion = 10.0.40219.1
Project("{FAE04EC0-301F-11D3-BF4B-00C04F79EFBC}") = "Exercicio 10", "Exercicio 10\Exercicio 10.csproj", "{1AC9DDFE-A4BD-43CC-ABD0-3968581546BF}"
EndProject
Global
	GlobalSection(SolutionConfigurationPlatforms) = preSolution
		Debug|Any CPU = Debug|Any CPU
		Release|Any CPU = Release|Any CPU
	EndGlobalSection
	GlobalSection(ProjectConfigurationPlatforms) = postSolution
		{1AC9DDFE-A4BD-43CC-ABD0-3968581546BF}.Debug|Any CPU.ActiveCfg = Debug|Any CPU
		{1AC9DDFE-A4BD-43CC-ABD0-3968581546BF}.Debug|Any CPU.Build.0 = Debug|Any CPU
		{1AC9DDFE-A4BD-43CC-ABD0-3968581546BF}.Release|Any CPU.ActiveCfg = Release|Any CPU
		{1AC9DDFE-A4BD-43CC-ABD0-3968581546BF}.Release|Any CPU.Build.0 = Release|Any CPU
	EndGlobalSection
	GlobalSection(SolutionProperties) = preSolution
		HideSolutionNode = FALSE
	EndGlobalSection
	GlobalSection(ExtensibilityGlobals) = postSolution
		SolutionGuid = {DB426E15-01A8-49F4-997E-7FC1BFB72C13}
	EndGlobalSection
EndGlobal
