
Microsoft Visual Studio Solution File, Format Version 12.00
# Visual Studio 15
VisualStudioVersion = 15.0.28010.2046
MinimumVisualStudioVersion = 10.0.40219.1
Project("{FAE04EC0-301F-11D3-BF4B-00C04F79EFBC}") = "Exercicio 7", "Exercicio 7\Exercicio 7.csproj", "{3998B1CA-3A4A-492F-BD45-CA17E838ACCD}"
EndProject
Global
	GlobalSection(SolutionConfigurationPlatforms) = preSolution
		Debug|Any CPU = Debug|Any CPU
		Release|Any CPU = Release|Any CPU
	EndGlobalSection
	GlobalSection(ProjectConfigurationPlatforms) = postSolution
		{3998B1CA-3A4A-492F-BD45-CA17E838ACCD}.Debug|Any CPU.ActiveCfg = Debug|Any CPU
		{3998B1CA-3A4A-492F-BD45-CA17E838ACCD}.Debug|Any CPU.Build.0 = Debug|Any CPU
		{3998B1CA-3A4A-492F-BD45-CA17E838ACCD}.Release|Any CPU.ActiveCfg = Release|Any CPU
		{3998B1CA-3A4A-492F-BD45-CA17E838ACCD}.Release|Any CPU.Build.0 = Release|Any CPU
	EndGlobalSection
	GlobalSection(SolutionProperties) = preSolution
		HideSolutionNode = FALSE
	EndGlobalSection
	GlobalSection(ExtensibilityGlobals) = postSolution
		SolutionGuid = {8B204C18-368F-4677-B9F5-491F7501E8B7}
	EndGlobalSection
EndGlobal
